PODS:
  - Kingfisher (6.3.1)
  - MJRefresh (3.7.6)
  - RSExtension (0.0.2):
    - Kingfisher
    - MJRefresh

DEPENDENCIES:
  - RSExtension (from `../`)

SPEC REPOS:
  trunk:
    - Kingfisher
    - MJRefresh

EXTERNAL SOURCES:
  RSExtension:
    :path: "../"

SPEC CHECKSUMS:
  Kingfisher: 016c8b653a35add51dd34a3aba36b580041acc74
  MJRefresh: 2fe7fb43a5167ceda20bb7e63f130c04fd1814a5
  RSExtension: d3875c941b6cae2b8a24e831154642df2d8d4d90

PODFILE CHECKSUM: e30d2322dca224436c970aedf998896011ff6ce7

COCOAPODS: 1.15.2
